
Microsoft Visual Studio Solution File, Format Version 12.00
Project("{FAE04EC0-301F-11D3-BF4B-00C04F79EFBC}") = "Musbooking.Application", "Musbooking.Application\Musbooking.Application.csproj", "{1FF06BE8-ADB4-4DFB-84DE-525D1B6D88A9}"
EndProject
Project("{FAE04EC0-301F-11D3-BF4B-00C04F79EFBC}") = "Musbooking.Domain", "Musbooking.Domain\Musbooking.Domain.csproj", "{66C9C4A7-4373-4F85-9272-22452D7ED441}"
EndProject
Project("{FAE04EC0-301F-11D3-BF4B-00C04F79EFBC}") = "Musbooking.Unit", "Musbooking.Unit\Musbooking.Unit.csproj", "{5B0F3C49-F979-4032-B650-3093976CDDF0}"
EndProject
Project("{FAE04EC0-301F-11D3-BF4B-00C04F79EFBC}") = "Musbooking.Host", "Musbooking.Host\Musbooking.Host.csproj", "{0983D9EC-A415-4C8D-8A06-0B4DC51531A0}"
EndProject
Project("{2150E333-8FDC-42A3-9474-1A3956D46DE8}") = "API", "API", "{BC359279-B2A0-4008-BDA8-15C173ACEDAC}"
EndProject
Project("{2150E333-8FDC-42A3-9474-1A3956D46DE8}") = "Business Logic", "Business Logic", "{2F20773B-3B70-4EC3-A523-4E7A497A26BF}"
EndProject
Project("{2150E333-8FDC-42A3-9474-1A3956D46DE8}") = "Dal", "Dal", "{4DAB97BD-DF09-43C3-A6CB-86808CB506D6}"
EndProject
Project("{FAE04EC0-301F-11D3-BF4B-00C04F79EFBC}") = "Musbooking.Dal.Abstractions", "Musbooking.Dal.Abstractions\Musbooking.Dal.Abstractions.csproj", "{0606BF9B-D1A0-4017-8F3A-216D1A61E240}"
EndProject
Project("{FAE04EC0-301F-11D3-BF4B-00C04F79EFBC}") = "Musbooking.Service.Abstractions", "Musbooking.Service.Abstractions\Musbooking.Service.Abstractions.csproj", "{16D57390-FB30-41FA-957E-C3E31D2D93D5}"
EndProject
Project("{FAE04EC0-301F-11D3-BF4B-00C04F79EFBC}") = "Musbooking.Dal.Implementation", "Musbooking.Dal.Implementation\Musbooking.Dal.Implementation.csproj", "{C2ECD92F-24F0-43E0-8963-ED5DC90FDCE5}"
EndProject
Project("{FAE04EC0-301F-11D3-BF4B-00C04F79EFBC}") = "Musbooking.Service.Implementation", "Musbooking.Service.Implementation\Musbooking.Service.Implementation.csproj", "{1F19F7E2-A81E-4B0C-AB5C-678863F9FE43}"
EndProject
Project("{FAE04EC0-301F-11D3-BF4B-00C04F79EFBC}") = "Musbooking.Dal", "Musbooking.Dal\Musbooking.Dal.csproj", "{FD998416-37FB-4158-A5CB-3E400E8F607A}"
EndProject
Global
	GlobalSection(SolutionConfigurationPlatforms) = preSolution
		Debug|Any CPU = Debug|Any CPU
		Release|Any CPU = Release|Any CPU
	EndGlobalSection
	GlobalSection(ProjectConfigurationPlatforms) = postSolution
		{1FF06BE8-ADB4-4DFB-84DE-525D1B6D88A9}.Debug|Any CPU.ActiveCfg = Debug|Any CPU
		{1FF06BE8-ADB4-4DFB-84DE-525D1B6D88A9}.Debug|Any CPU.Build.0 = Debug|Any CPU
		{1FF06BE8-ADB4-4DFB-84DE-525D1B6D88A9}.Release|Any CPU.ActiveCfg = Release|Any CPU
		{1FF06BE8-ADB4-4DFB-84DE-525D1B6D88A9}.Release|Any CPU.Build.0 = Release|Any CPU
		{66C9C4A7-4373-4F85-9272-22452D7ED441}.Debug|Any CPU.ActiveCfg = Debug|Any CPU
		{66C9C4A7-4373-4F85-9272-22452D7ED441}.Debug|Any CPU.Build.0 = Debug|Any CPU
		{66C9C4A7-4373-4F85-9272-22452D7ED441}.Release|Any CPU.ActiveCfg = Release|Any CPU
		{66C9C4A7-4373-4F85-9272-22452D7ED441}.Release|Any CPU.Build.0 = Release|Any CPU
		{5B0F3C49-F979-4032-B650-3093976CDDF0}.Debug|Any CPU.ActiveCfg = Debug|Any CPU
		{5B0F3C49-F979-4032-B650-3093976CDDF0}.Debug|Any CPU.Build.0 = Debug|Any CPU
		{5B0F3C49-F979-4032-B650-3093976CDDF0}.Release|Any CPU.ActiveCfg = Release|Any CPU
		{5B0F3C49-F979-4032-B650-3093976CDDF0}.Release|Any CPU.Build.0 = Release|Any CPU
		{0983D9EC-A415-4C8D-8A06-0B4DC51531A0}.Debug|Any CPU.ActiveCfg = Debug|Any CPU
		{0983D9EC-A415-4C8D-8A06-0B4DC51531A0}.Debug|Any CPU.Build.0 = Debug|Any CPU
		{0983D9EC-A415-4C8D-8A06-0B4DC51531A0}.Release|Any CPU.ActiveCfg = Release|Any CPU
		{0983D9EC-A415-4C8D-8A06-0B4DC51531A0}.Release|Any CPU.Build.0 = Release|Any CPU
		{0606BF9B-D1A0-4017-8F3A-216D1A61E240}.Debug|Any CPU.ActiveCfg = Debug|Any CPU
		{0606BF9B-D1A0-4017-8F3A-216D1A61E240}.Debug|Any CPU.Build.0 = Debug|Any CPU
		{0606BF9B-D1A0-4017-8F3A-216D1A61E240}.Release|Any CPU.ActiveCfg = Release|Any CPU
		{0606BF9B-D1A0-4017-8F3A-216D1A61E240}.Release|Any CPU.Build.0 = Release|Any CPU
		{16D57390-FB30-41FA-957E-C3E31D2D93D5}.Debug|Any CPU.ActiveCfg = Debug|Any CPU
		{16D57390-FB30-41FA-957E-C3E31D2D93D5}.Debug|Any CPU.Build.0 = Debug|Any CPU
		{16D57390-FB30-41FA-957E-C3E31D2D93D5}.Release|Any CPU.ActiveCfg = Release|Any CPU
		{16D57390-FB30-41FA-957E-C3E31D2D93D5}.Release|Any CPU.Build.0 = Release|Any CPU
		{C2ECD92F-24F0-43E0-8963-ED5DC90FDCE5}.Debug|Any CPU.ActiveCfg = Debug|Any CPU
		{C2ECD92F-24F0-43E0-8963-ED5DC90FDCE5}.Debug|Any CPU.Build.0 = Debug|Any CPU
		{C2ECD92F-24F0-43E0-8963-ED5DC90FDCE5}.Release|Any CPU.ActiveCfg = Release|Any CPU
		{C2ECD92F-24F0-43E0-8963-ED5DC90FDCE5}.Release|Any CPU.Build.0 = Release|Any CPU
		{1F19F7E2-A81E-4B0C-AB5C-678863F9FE43}.Debug|Any CPU.ActiveCfg = Debug|Any CPU
		{1F19F7E2-A81E-4B0C-AB5C-678863F9FE43}.Debug|Any CPU.Build.0 = Debug|Any CPU
		{1F19F7E2-A81E-4B0C-AB5C-678863F9FE43}.Release|Any CPU.ActiveCfg = Release|Any CPU
		{1F19F7E2-A81E-4B0C-AB5C-678863F9FE43}.Release|Any CPU.Build.0 = Release|Any CPU
		{FD998416-37FB-4158-A5CB-3E400E8F607A}.Debug|Any CPU.ActiveCfg = Debug|Any CPU
		{FD998416-37FB-4158-A5CB-3E400E8F607A}.Debug|Any CPU.Build.0 = Debug|Any CPU
		{FD998416-37FB-4158-A5CB-3E400E8F607A}.Release|Any CPU.ActiveCfg = Release|Any CPU
		{FD998416-37FB-4158-A5CB-3E400E8F607A}.Release|Any CPU.Build.0 = Release|Any CPU
	EndGlobalSection
	GlobalSection(NestedProjects) = preSolution
		{0983D9EC-A415-4C8D-8A06-0B4DC51531A0} = {BC359279-B2A0-4008-BDA8-15C173ACEDAC}
		{0606BF9B-D1A0-4017-8F3A-216D1A61E240} = {4DAB97BD-DF09-43C3-A6CB-86808CB506D6}
		{16D57390-FB30-41FA-957E-C3E31D2D93D5} = {2F20773B-3B70-4EC3-A523-4E7A497A26BF}
		{C2ECD92F-24F0-43E0-8963-ED5DC90FDCE5} = {4DAB97BD-DF09-43C3-A6CB-86808CB506D6}
		{1F19F7E2-A81E-4B0C-AB5C-678863F9FE43} = {2F20773B-3B70-4EC3-A523-4E7A497A26BF}
	EndGlobalSection
EndGlobal
